
Microsoft Visual Studio Solution File, Format Version 12.00
# Visual Studio Version 16
VisualStudioVersion = 16.0.29920.165
MinimumVisualStudioVersion = 10.0.40219.1
Project("{FAE04EC0-301F-11D3-BF4B-00C04F79EFBC}") = "ChinaMedicine", "ChinaMedicine\ChinaMedicine.csproj", "{DBF65980-61B3-451F-8D61-35606CBCA66C}"
EndProject
Global
	GlobalSection(SolutionConfigurationPlatforms) = preSolution
		Debug|Any CPU = Debug|Any CPU
		Release|Any CPU = Release|Any CPU
	EndGlobalSection
	GlobalSection(ProjectConfigurationPlatforms) = postSolution
		{DBF65980-61B3-451F-8D61-35606CBCA66C}.Debug|Any CPU.ActiveCfg = Debug|Any CPU
		{DBF65980-61B3-451F-8D61-35606CBCA66C}.Debug|Any CPU.Build.0 = Debug|Any CPU
		{DBF65980-61B3-451F-8D61-35606CBCA66C}.Release|Any CPU.ActiveCfg = Release|Any CPU
		{DBF65980-61B3-451F-8D61-35606CBCA66C}.Release|Any CPU.Build.0 = Release|Any CPU
	EndGlobalSection
	GlobalSection(SolutionProperties) = preSolution
		HideSolutionNode = FALSE
	EndGlobalSection
	GlobalSection(ExtensibilityGlobals) = postSolution
		SolutionGuid = {5CC85D13-FEB2-48A0-855C-24571808BF6A}
	EndGlobalSection
EndGlobal
